
Microsoft Visual Studio Solution File, Format Version 12.00
# Visual Studio 2013
VisualStudioVersion = 12.0.31101.0
MinimumVisualStudioVersion = 10.0.40219.1
Project("{FAE04EC0-301F-11D3-BF4B-00C04F79EFBC}") = "NoteStore.Domain", "NoteStore.Domain\NoteStore.Domain.csproj", "{C7EE2302-4ED8-4F19-AEAE-4FC4ADC748F0}"
EndProject
Project("{FAE04EC0-301F-11D3-BF4B-00C04F79EFBC}") = "NoteStore.WebUI", "NoteStore.WebUI\NoteStore.WebUI.csproj", "{9B76F826-D2B7-43B5-A20F-7A8D575D875B}"
EndProject
Project("{FAE04EC0-301F-11D3-BF4B-00C04F79EFBC}") = "NoteStore.UnitTests", "NoteStore.UnitTests\NoteStore.UnitTests.csproj", "{5F48C5A0-A625-494F-AB6A-C9A9B7F1677E}"
EndProject
Global
	GlobalSection(SolutionConfigurationPlatforms) = preSolution
		Debug|Any CPU = Debug|Any CPU
		Release|Any CPU = Release|Any CPU
	EndGlobalSection
	GlobalSection(ProjectConfigurationPlatforms) = postSolution
		{C7EE2302-4ED8-4F19-AEAE-4FC4ADC748F0}.Debug|Any CPU.ActiveCfg = Debug|Any CPU
		{C7EE2302-4ED8-4F19-AEAE-4FC4ADC748F0}.Debug|Any CPU.Build.0 = Debug|Any CPU
		{C7EE2302-4ED8-4F19-AEAE-4FC4ADC748F0}.Release|Any CPU.ActiveCfg = Release|Any CPU
		{C7EE2302-4ED8-4F19-AEAE-4FC4ADC748F0}.Release|Any CPU.Build.0 = Release|Any CPU
		{9B76F826-D2B7-43B5-A20F-7A8D575D875B}.Debug|Any CPU.ActiveCfg = Debug|Any CPU
		{9B76F826-D2B7-43B5-A20F-7A8D575D875B}.Debug|Any CPU.Build.0 = Debug|Any CPU
		{9B76F826-D2B7-43B5-A20F-7A8D575D875B}.Release|Any CPU.ActiveCfg = Release|Any CPU
		{9B76F826-D2B7-43B5-A20F-7A8D575D875B}.Release|Any CPU.Build.0 = Release|Any CPU
		{5F48C5A0-A625-494F-AB6A-C9A9B7F1677E}.Debug|Any CPU.ActiveCfg = Debug|Any CPU
		{5F48C5A0-A625-494F-AB6A-C9A9B7F1677E}.Debug|Any CPU.Build.0 = Debug|Any CPU
		{5F48C5A0-A625-494F-AB6A-C9A9B7F1677E}.Release|Any CPU.ActiveCfg = Release|Any CPU
		{5F48C5A0-A625-494F-AB6A-C9A9B7F1677E}.Release|Any CPU.Build.0 = Release|Any CPU
	EndGlobalSection
	GlobalSection(SolutionProperties) = preSolution
		HideSolutionNode = FALSE
	EndGlobalSection
EndGlobal
